
Microsoft Visual Studio Solution File, Format Version 12.00
# Visual Studio Version 17
VisualStudioVersion = 17.8.34408.163
MinimumVisualStudioVersion = 10.0.40219.1
Project("{FAE04EC0-301F-11D3-BF4B-00C04F79EFBC}") = "Collections", "Collections\Collections.csproj", "{0553D435-8729-4B27-B6B4-76C3624BFF52}"
EndProject
Project("{FAE04EC0-301F-11D3-BF4B-00C04F79EFBC}") = "ConsoleApp2", "ConsoleApp2\ConsoleApp2.csproj", "{B6A7A5DC-E011-40B2-977E-0A30040B90E2}"
EndProject
Global
	GlobalSection(SolutionConfigurationPlatforms) = preSolution
		Debug|Any CPU = Debug|Any CPU
		Release|Any CPU = Release|Any CPU
	EndGlobalSection
	GlobalSection(ProjectConfigurationPlatforms) = postSolution
		{0553D435-8729-4B27-B6B4-76C3624BFF52}.Debug|Any CPU.ActiveCfg = Debug|Any CPU
		{0553D435-8729-4B27-B6B4-76C3624BFF52}.Debug|Any CPU.Build.0 = Debug|Any CPU
		{0553D435-8729-4B27-B6B4-76C3624BFF52}.Release|Any CPU.ActiveCfg = Release|Any CPU
		{0553D435-8729-4B27-B6B4-76C3624BFF52}.Release|Any CPU.Build.0 = Release|Any CPU
		{B6A7A5DC-E011-40B2-977E-0A30040B90E2}.Debug|Any CPU.ActiveCfg = Debug|Any CPU
		{B6A7A5DC-E011-40B2-977E-0A30040B90E2}.Debug|Any CPU.Build.0 = Debug|Any CPU
		{B6A7A5DC-E011-40B2-977E-0A30040B90E2}.Release|Any CPU.ActiveCfg = Release|Any CPU
		{B6A7A5DC-E011-40B2-977E-0A30040B90E2}.Release|Any CPU.Build.0 = Release|Any CPU
	EndGlobalSection
	GlobalSection(SolutionProperties) = preSolution
		HideSolutionNode = FALSE
	EndGlobalSection
	GlobalSection(ExtensibilityGlobals) = postSolution
		SolutionGuid = {174867BB-9C24-41F2-885D-18D776F0F3F8}
	EndGlobalSection
EndGlobal
